github.com/chrj/smtpd v0.3.1 h1:kogHFkbFdKaoH3bgZkqNC9uVtKYOFfM3uV3rroBdooE=
github.com/chrj/smtpd v0.3.1/go.mod h1:JtABvV/LzvLmEIzy0NyDnrfMGOMd8wy5frAokwf6J9Q=
github.com/kelseyhightower/envconfig v1.4.0 h1:Im6hONhd3pLkfDFsbRgu68RDNkGF1r3dvMUtDTo2cv8=
github.com/kelseyhightower/envconfig v1.4.0/go.mod h1:cccZRl6mQpaq41TPp5QxidR+Sa3axMbJDNb//FQX6Gg=
